
Microsoft Visual Studio Solution File, Format Version 12.00
# Visual Studio Version 16
VisualStudioVersion = 16.0.31019.35
MinimumVisualStudioVersion = 10.0.40219.1
Project("{FAE04EC0-301F-11D3-BF4B-00C04F79EFBC}") = "DNB1", "DNB1\DNB1.csproj", "{B6D99598-E77B-47EF-BA3F-51A38713FF5C}"
EndProject
Global
	GlobalSection(SolutionConfigurationPlatforms) = preSolution
		Debug|Any CPU = Debug|Any CPU
		Release|Any CPU = Release|Any CPU
	EndGlobalSection
	GlobalSection(ProjectConfigurationPlatforms) = postSolution
		{B6D99598-E77B-47EF-BA3F-51A38713FF5C}.Debug|Any CPU.ActiveCfg = Debug|Any CPU
		{B6D99598-E77B-47EF-BA3F-51A38713FF5C}.Debug|Any CPU.Build.0 = Debug|Any CPU
		{B6D99598-E77B-47EF-BA3F-51A38713FF5C}.Release|Any CPU.ActiveCfg = Release|Any CPU
		{B6D99598-E77B-47EF-BA3F-51A38713FF5C}.Release|Any CPU.Build.0 = Release|Any CPU
	EndGlobalSection
	GlobalSection(SolutionProperties) = preSolution
		HideSolutionNode = FALSE
	EndGlobalSection
	GlobalSection(ExtensibilityGlobals) = postSolution
		SolutionGuid = {8C0466CF-2421-4F75-9D3D-788926A46AB6}
	EndGlobalSection
EndGlobal
